{
  "name": "jerd",
  "version": "2.2.0",
  "lockfileVersion": 3,
  "requires": true,
  "packages": {
    "": {
      "name": "jerd",
      "version": "2.2.0",
      "license": "MIT",
      "bin": {
        "jerd": "bin/jerd.js"
      },
      "engines": {
        "node": ">=14.0.0"
      }
    }
  }
}
